// !$*UTF8*$!
{
	archiveVersion = 1;
	classes = {
	};
	objectVersion = 46;
	objects = {

/* Begin PBXBuildFile section */
		081CB83B1D1F35EF00D9FA1E /* AppDelegate.swift in Sources */ = {isa = PBXBuildFile; fileRef = 081CB83A1D1F35EF00D9FA1E /* AppDelegate.swift */; };
		081CB83D1D1F35EF00D9FA1E /* Assets.xcassets in Resources */ = {isa = PBXBuildFile; fileRef = 081CB83C1D1F35EF00D9FA1E /* Assets.xcassets */; };
		081CB8401D1F35F000D9FA1E /* LaunchScreen.storyboard in Resources */ = {isa = PBXBuildFile; fileRef = 081CB83E1D1F35F000D9FA1E /* LaunchScreen.storyboard */; };
		081CB84B1D1F35F000D9FA1E /* SegmentedBarTests.swift in Sources */ = {isa = PBXBuildFile; fileRef = 081CB84A1D1F35F000D9FA1E /* SegmentedBarTests.swift */; };
		081CB8561D1F35F000D9FA1E /* SegmentedBarUITests.swift in Sources */ = {isa = PBXBuildFile; fileRef = 081CB8551D1F35F000D9FA1E /* SegmentedBarUITests.swift */; };
		081CB8661D1F360200D9FA1E /* HTTP.swift in Sources */ = {isa = PBXBuildFile; fileRef = 081CB8631D1F360200D9FA1E /* HTTP.swift */; };
		081CB8671D1F360200D9FA1E /* MainViewController.swift in Sources */ = {isa = PBXBuildFile; fileRef = 081CB8641D1F360200D9FA1E /* MainViewController.swift */; };
		081CB8681D1F360200D9FA1E /* SegmentedBar.swift in Sources */ = {isa = PBXBuildFile; fileRef = 081CB8651D1F360200D9FA1E /* SegmentedBar.swift */; };
/* End PBXBuildFile section */

/* Begin PBXContainerItemProxy section */
		081CB8471D1F35F000D9FA1E /* PBXContainerItemProxy */ = {
			isa = PBXContainerItemProxy;
			containerPortal = 081CB82F1D1F35EF00D9FA1E /* Project object */;
			proxyType = 1;
			remoteGlobalIDString = 081CB8361D1F35EF00D9FA1E;
			remoteInfo = SegmentedBar;
		};
		081CB8521D1F35F000D9FA1E /* PBXContainerItemProxy */ = {
			isa = PBXContainerItemProxy;
			containerPortal = 081CB82F1D1F35EF00D9FA1E /* Project object */;
			proxyType = 1;
			remoteGlobalIDString = 081CB8361D1F35EF00D9FA1E;
			remoteInfo = SegmentedBar;
		};
/* End PBXContainerItemProxy section */

/* Begin PBXFileReference section */
		081CB8371D1F35EF00D9FA1E /* SegmentedBar.app */ = {isa = PBXFileReference; explicitFileType = wrapper.application; includeInIndex = 0; path = SegmentedBar.app; sourceTree = BUILT_PRODUCTS_DIR; };
		081CB83A1D1F35EF00D9FA1E /* AppDelegate.swift */ = {isa = PBXFileReference; lastKnownFileType = sourcecode.swift; path = AppDelegate.swift; sourceTree = "<group>"; };
		081CB83C1D1F35EF00D9FA1E /* Assets.xcassets */ = {isa = PBXFileReference; lastKnownFileType = folder.assetcatalog; path = Assets.xcassets; sourceTree = "<group>"; };
		081CB83F1D1F35F000D9FA1E /* Base */ = {isa = PBXFileReference; lastKnownFileType = file.storyboard; name = Base; path = Base.lproj/LaunchScreen.storyboard; sourceTree = "<group>"; };
		081CB8411D1F35F000D9FA1E /* Info.plist */ = {isa = PBXFileReference; lastKnownFileType = text.plist.xml; path = Info.plist; sourceTree = "<group>"; };
		081CB8461D1F35F000D9FA1E /* SegmentedBarTests.xctest */ = {isa = PBXFileReference; explicitFileType = wrapper.cfbundle; includeInIndex = 0; path = SegmentedBarTests.xctest; sourceTree = BUILT_PRODUCTS_DIR; };
		081CB84A1D1F35F000D9FA1E /* SegmentedBarTests.swift */ = {isa = PBXFileReference; lastKnownFileType = sourcecode.swift; path = SegmentedBarTests.swift; sourceTree = "<group>"; };
		081CB84C1D1F35F000D9FA1E /* Info.plist */ = {isa = PBXFileReference; lastKnownFileType = text.plist.xml; path = Info.plist; sourceTree = "<group>"; };
		081CB8511D1F35F000D9FA1E /* SegmentedBarUITests.xctest */ = {isa = PBXFileReference; explicitFileType = wrapper.cfbundle; includeInIndex = 0; path = SegmentedBarUITests.xctest; sourceTree = BUILT_PRODUCTS_DIR; };
		081CB8551D1F35F000D9FA1E /* SegmentedBarUITests.swift */ = {isa = PBXFileReference; lastKnownFileType = sourcecode.swift; path = SegmentedBarUITests.swift; sourceTree = "<group>"; };
		081CB8571D1F35F000D9FA1E /* Info.plist */ = {isa = PBXFileReference; lastKnownFileType = text.plist.xml; path = Info.plist; sourceTree = "<group>"; };
		081CB8631D1F360200D9FA1E /* HTTP.swift */ = {isa = PBXFileReference; fileEncoding = 4; lastKnownFileType = sourcecode.swift; path = HTTP.swift; sourceTree = "<group>"; };
		081CB8641D1F360200D9FA1E /* MainViewController.swift */ = {isa = PBXFileReference; fileEncoding = 4; lastKnownFileType = sourcecode.swift; path = MainViewController.swift; sourceTree = "<group>"; };
		081CB8651D1F360200D9FA1E /* SegmentedBar.swift */ = {isa = PBXFileReference; fileEncoding = 4; lastKnownFileType = sourcecode.swift; path = SegmentedBar.swift; sourceTree = "<group>"; };
/* End PBXFileReference section */

/* Begin PBXFrameworksBuildPhase section */
		081CB8341D1F35EF00D9FA1E /* Frameworks */ = {
			isa = PBXFrameworksBuildPhase;
			buildActionMask = 2147483647;
			files = (
			);
			runOnlyForDeploymentPostprocessing = 0;
		};
		081CB8431D1F35F000D9FA1E /* Frameworks */ = {
			isa = PBXFrameworksBuildPhase;
			buildActionMask = 2147483647;
			files = (
			);
			runOnlyForDeploymentPostprocessing = 0;
		};
		081CB84E1D1F35F000D9FA1E /* Frameworks */ = {
			isa = PBXFrameworksBuildPhase;
			buildActionMask = 2147483647;
			files = (
			);
			runOnlyForDeploymentPostprocessing = 0;
		};
/* End PBXFrameworksBuildPhase section */

/* Begin PBXGroup section */
		081CB82E1D1F35EF00D9FA1E = {
			isa = PBXGroup;
			children = (
				081CB8391D1F35EF00D9FA1E /* SegmentedBar */,
				081CB8491D1F35F000D9FA1E /* SegmentedBarTests */,
				081CB8541D1F35F000D9FA1E /* SegmentedBarUITests */,
				081CB8381D1F35EF00D9FA1E /* Products */,
			);
			sourceTree = "<group>";
		};
		081CB8381D1F35EF00D9FA1E /* Products */ = {
			isa = PBXGroup;
			children = (
				081CB8371D1F35EF00D9FA1E /* SegmentedBar.app */,
				081CB8461D1F35F000D9FA1E /* SegmentedBarTests.xctest */,
				081CB8511D1F35F000D9FA1E /* SegmentedBarUITests.xctest */,
			);
			name = Products;
			sourceTree = "<group>";
		};
		081CB8391D1F35EF00D9FA1E /* SegmentedBar */ = {
			isa = PBXGroup;
			children = (
				081CB8631D1F360200D9FA1E /* HTTP.swift */,
				081CB8641D1F360200D9FA1E /* MainViewController.swift */,
				081CB8651D1F360200D9FA1E /* SegmentedBar.swift */,
				081CB83A1D1F35EF00D9FA1E /* AppDelegate.swift */,
				081CB83C1D1F35EF00D9FA1E /* Assets.xcassets */,
				081CB83E1D1F35F000D9FA1E /* LaunchScreen.storyboard */,
				081CB8411D1F35F000D9FA1E /* Info.plist */,
			);
			path = SegmentedBar;
			sourceTree = "<group>";
		};
		081CB8491D1F35F000D9FA1E /* SegmentedBarTests */ = {
			isa = PBXGroup;
			children = (
				081CB84A1D1F35F000D9FA1E /* SegmentedBarTests.swift */,
				081CB84C1D1F35F000D9FA1E /* Info.plist */,
			);
			path = SegmentedBarTests;
			sourceTree = "<group>";
		};
		081CB8541D1F35F000D9FA1E /* SegmentedBarUITests */ = {
			isa = PBXGroup;
			children = (
				081CB8551D1F35F000D9FA1E /* SegmentedBarUITests.swift */,
				081CB8571D1F35F000D9FA1E /* Info.plist */,
			);
			path = SegmentedBarUITests;
			sourceTree = "<group>";
		};
/* End PBXGroup section */

/* Begin PBXNativeTarget section */
		081CB8361D1F35EF00D9FA1E /* SegmentedBar */ = {
			isa = PBXNativeTarget;
			buildConfigurationList = 081CB85A1D1F35F000D9FA1E /* Build configuration list for PBXNativeTarget "SegmentedBar" */;
			buildPhases = (
				081CB8331D1F35EF00D9FA1E /* Sources */,
				081CB8341D1F35EF00D9FA1E /* Frameworks */,
				081CB8351D1F35EF00D9FA1E /* Resources */,
			);
			buildRules = (
			);
			dependencies = (
			);
			name = SegmentedBar;
			productName = SegmentedBar;
			productReference = 081CB8371D1F35EF00D9FA1E /* SegmentedBar.app */;
			productType = "com.apple.product-type.application";
		};
		081CB8451D1F35F000D9FA1E /* SegmentedBarTests */ = {
			isa = PBXNativeTarget;
			buildConfigurationList = 081CB85D1D1F35F000D9FA1E /* Build configuration list for PBXNativeTarget "SegmentedBarTests" */;
			buildPhases = (
				081CB8421D1F35F000D9FA1E /* Sources */,
				081CB8431D1F35F000D9FA1E /* Frameworks */,
				081CB8441D1F35F000D9FA1E /* Resources */,
			);
			buildRules = (
			);
			dependencies = (
				081CB8481D1F35F000D9FA1E /* PBXTargetDependency */,
			);
			name = SegmentedBarTests;
			productName = SegmentedBarTests;
			productReference = 081CB8461D1F35F000D9FA1E /* SegmentedBarTests.xctest */;
			productType = "com.apple.product-type.bundle.unit-test";
		};
		081CB8501D1F35F000D9FA1E /* SegmentedBarUITests */ = {
			isa = PBXNativeTarget;
			buildConfigurationList = 081CB8601D1F35F000D9FA1E /* Build configuration list for PBXNativeTarget "SegmentedBarUITests" */;
			buildPhases = (
				081CB84D1D1F35F000D9FA1E /* Sources */,
				081CB84E1D1F35F000D9FA1E /* Frameworks */,
				081CB84F1D1F35F000D9FA1E /* Resources */,
			);
			buildRules = (
			);
			dependencies = (
				081CB8531D1F35F000D9FA1E /* PBXTargetDependency */,
			);
			name = SegmentedBarUITests;
			productName = SegmentedBarUITests;
			productReference = 081CB8511D1F35F000D9FA1E /* SegmentedBarUITests.xctest */;
			productType = "com.apple.product-type.bundle.ui-testing";
		};
/* End PBXNativeTarget section */

/* Begin PBXProject section */
		081CB82F1D1F35EF00D9FA1E /* Project object */ = {
			isa = PBXProject;
			attributes = {
				LastSwiftUpdateCheck = 0730;
				LastUpgradeCheck = 0730;
				ORGANIZATIONNAME = Gazolla;
				TargetAttributes = {
					081CB8361D1F35EF00D9FA1E = {
						CreatedOnToolsVersion = 7.3.1;
					};
					081CB8451D1F35F000D9FA1E = {
						CreatedOnToolsVersion = 7.3.1;
						TestTargetID = 081CB8361D1F35EF00D9FA1E;
					};
					081CB8501D1F35F000D9FA1E = {
						CreatedOnToolsVersion = 7.3.1;
						TestTargetID = 081CB8361D1F35EF00D9FA1E;
					};
				};
			};
			buildConfigurationList = 081CB8321D1F35EF00D9FA1E /* Build configuration list for PBXProject "SegmentedBar" */;
			compatibilityVersion = "Xcode 3.2";
			developmentRegion = English;
			hasScannedForEncodings = 0;
			knownRegions = (
				en,
				Base,
			);
			mainGroup = 081CB82E1D1F35EF00D9FA1E;
			productRefGroup = 081CB8381D1F35EF00D9FA1E /* Products */;
			projectDirPath = "";
			projectRoot = "";
			targets = (
				081CB8361D1F35EF00D9FA1E /* SegmentedBar */,
				081CB8451D1F35F000D9FA1E /* SegmentedBarTests */,
				081CB8501D1F35F000D9FA1E /* SegmentedBarUITests */,
			);
		};
/* End PBXProject section */

/* Begin PBXResourcesBuildPhase section */
		081CB8351D1F35EF00D9FA1E /* Resources */ = {
			isa = PBXResourcesBuildPhase;
			buildActionMask = 2147483647;
			files = (
				081CB83D1D1F35EF00D9FA1E /* Assets.xcassets in Resources */,
				081CB8401D1F35F000D9FA1E /* LaunchScreen.storyboard in Resources */,
			);
			runOnlyForDeploymentPostprocessing = 0;
		};
		081CB8441D1F35F000D9FA1E /* Resources */ = {
			isa = PBXResourcesBuildPhase;
			buildActionMask = 2147483647;
			files = (
			);
			runOnlyForDeploymentPostprocessing = 0;
		};
		081CB84F1D1F35F000D9FA1E /* Resources */ = {
			isa = PBXResourcesBuildPhase;
			buildActionMask = 2147483647;
			files = (
			);
			runOnlyForDeploymentPostprocessing = 0;
		};
/* End PBXResourcesBuildPhase section */

/* Begin PBXSourcesBuildPhase section */
		081CB8331D1F35EF00D9FA1E /* Sources */ = {
			isa = PBXSourcesBuildPhase;
			buildActionMask = 2147483647;
			files = (
				081CB8671D1F360200D9FA1E /* MainViewController.swift in Sources */,
				081CB83B1D1F35EF00D9FA1E /* AppDelegate.swift in Sources */,
				081CB8681D1F360200D9FA1E /* SegmentedBar.swift in Sources */,
				081CB8661D1F360200D9FA1E /* HTTP.swift in Sources */,
			);
			runOnlyForDeploymentPostprocessing = 0;
		};
		081CB8421D1F35F000D9FA1E /* Sources */ = {
			isa = PBXSourcesBuildPhase;
			buildActionMask = 2147483647;
			files = (
				081CB84B1D1F35F000D9FA1E /* SegmentedBarTests.swift in Sources */,
			);
			runOnlyForDeploymentPostprocessing = 0;
		};
		081CB84D1D1F35F000D9FA1E /* Sources */ = {
			isa = PBXSourcesBuildPhase;
			buildActionMask = 2147483647;
			files = (
				081CB8561D1F35F000D9FA1E /* SegmentedBarUITests.swift in Sources */,
			);
			runOnlyForDeploymentPostprocessing = 0;
		};
/* End PBXSourcesBuildPhase section */

/* Begin PBXTargetDependency section */
		081CB8481D1F35F000D9FA1E /* PBXTargetDependency */ = {
			isa = PBXTargetDependency;
			target = 081CB8361D1F35EF00D9FA1E /* SegmentedBar */;
			targetProxy = 081CB8471D1F35F000D9FA1E /* PBXContainerItemProxy */;
		};
		081CB8531D1F35F000D9FA1E /* PBXTargetDependency */ = {
			isa = PBXTargetDependency;
			target = 081CB8361D1F35EF00D9FA1E /* SegmentedBar */;
			targetProxy = 081CB8521D1F35F000D9FA1E /* PBXContainerItemProxy */;
		};
/* End PBXTargetDependency section */

/* Begin PBXVariantGroup section */
		081CB83E1D1F35F000D9FA1E /* LaunchScreen.storyboard */ = {
			isa = PBXVariantGroup;
			children = (
				081CB83F1D1F35F000D9FA1E /* Base */,
			);
			name = LaunchScreen.storyboard;
			sourceTree = "<group>";
		};
/* End PBXVariantGroup section */

/* Begin XCBuildConfiguration section */
		081CB8581D1F35F000D9FA1E /* Debug */ = {
			isa = XCBuildConfiguration;
			buildSettings = {
				ALWAYS_SEARCH_USER_PATHS = NO;
				CLANG_ANALYZER_NONNULL = YES;
				CLANG_CXX_LANGUAGE_STANDARD = "gnu++0x";
				CLANG_CXX_LIBRARY = "libc++";
				CLANG_ENABLE_MODULES = YES;
				CLANG_ENABLE_OBJC_ARC = YES;
				CLANG_WARN_BOOL_CONVERSION = YES;
				CLANG_WARN_CONSTANT_CONVERSION = YES;
				CLANG_WARN_DIRECT_OBJC_ISA_USAGE = YES_ERROR;
				CLANG_WARN_EMPTY_BODY = YES;
				CLANG_WARN_ENUM_CONVERSION = YES;
				CLANG_WARN_INT_CONVERSION = YES;
				CLANG_WARN_OBJC_ROOT_CLASS = YES_ERROR;
				CLANG_WARN_UNREACHABLE_CODE = YES;
				CLANG_WARN__DUPLICATE_METHOD_MATCH = YES;
				"CODE_SIGN_IDENTITY[sdk=iphoneos*]" = "iPhone Developer";
				COPY_PHASE_STRIP = NO;
				DEBUG_INFORMATION_FORMAT = dwarf;
				ENABLE_STRICT_OBJC_MSGSEND = YES;
				ENABLE_TESTABILITY = YES;
				GCC_C_LANGUAGE_STANDARD = gnu99;
				GCC_DYNAMIC_NO_PIC = NO;
				GCC_NO_COMMON_BLOCKS = YES;
				GCC_OPTIMIZATION_LEVEL = 0;
				GCC_PREPROCESSOR_DEFINITIONS = (
					"DEBUG=1",
					"$(inherited)",
				);
				GCC_WARN_64_TO_32_BIT_CONVERSION = YES;
				GCC_WARN_ABOUT_RETURN_TYPE = YES_ERROR;
				GCC_WARN_UNDECLARED_SELECTOR = YES;
				GCC_WARN_UNINITIALIZED_AUTOS = YES_AGGRESSIVE;
				GCC_WARN_UNUSED_FUNCTION = YES;
				GCC_WARN_UNUSED_VARIABLE = YES;
				IPHONEOS_DEPLOYMENT_TARGET = 9.3;
				MTL_ENABLE_DEBUG_INFO = YES;
				ONLY_ACTIVE_ARCH = YES;
				SDKROOT = iphoneos;
				SWIFT_OPTIMIZATION_LEVEL = "-Onone";
				TARGETED_DEVICE_FAMILY = "1,2";
			};
			name = Debug;
		};
		081CB8591D1F35F000D9FA1E /* Release */ = {
			isa = XCBuildConfiguration;
			buildSettings = {
				ALWAYS_SEARCH_USER_PATHS = NO;
				CLANG_ANALYZER_NONNULL = YES;
				CLANG_CXX_LANGUAGE_STANDARD = "gnu++0x";
				CLANG_CXX_LIBRARY = "libc++";
				CLANG_ENABLE_MODULES = YES;
				CLANG_ENABLE_OBJC_ARC = YES;
				CLANG_WARN_BOOL_CONVERSION = YES;
				CLANG_WARN_CONSTANT_CONVERSION = YES;
				CLANG_WARN_DIRECT_OBJC_ISA_USAGE = YES_ERROR;
				CLANG_WARN_EMPTY_BODY = YES;
				CLANG_WARN_ENUM_CONVERSION = YES;
				CLANG_WARN_INT_CONVERSION = YES;
				CLANG_WARN_OBJC_ROOT_CLASS = YES_ERROR;
				CLANG_WARN_UNREACHABLE_CODE = YES;
				CLANG_WARN__DUPLICATE_METHOD_MATCH = YES;
				"CODE_SIGN_IDENTITY[sdk=iphoneos*]" = "iPhone Developer";
				COPY_PHASE_STRIP = NO;
				DEBUG_INFORMATION_FORMAT = "dwarf-with-dsym";
				ENABLE_NS_ASSERTIONS = NO;
				ENABLE_STRICT_OBJC_MSGSEND = YES;
				GCC_C_LANGUAGE_STANDARD = gnu99;
				GCC_NO_COMMON_BLOCKS = YES;
				GCC_WARN_64_TO_32_BIT_CONVERSION = YES;
				GCC_WARN_ABOUT_RETURN_TYPE = YES_ERROR;
				GCC_WARN_UNDECLARED_SELECTOR = YES;
				GCC_WARN_UNINITIALIZED_AUTOS = YES_AGGRESSIVE;
				GCC_WARN_UNUSED_FUNCTION = YES;
				GCC_WARN_UNUSED_VARIABLE = YES;
				IPHONEOS_DEPLOYMENT_TARGET = 9.3;
				MTL_ENABLE_DEBUG_INFO = NO;
				SDKROOT = iphoneos;
				TARGETED_DEVICE_FAMILY = "1,2";
				VALIDATE_PRODUCT = YES;
			};
			name = Release;
		};
		081CB85B1D1F35F000D9FA1E /* Debug */ = {
			isa = XCBuildConfiguration;
			buildSettings = {
				ASSETCATALOG_COMPILER_APPICON_NAME = AppIcon;
				INFOPLIST_FILE = SegmentedBar/Info.plist;
				LD_RUNPATH_SEARCH_PATHS = "$(inherited) @executable_path/Frameworks";
				PRODUCT_BUNDLE_IDENTIFIER = com.gazapps.SegmentedBar;
				PRODUCT_NAME = "$(TARGET_NAME)";
			};
			name = Debug;
		};
		081CB85C1D1F35F000D9FA1E /* Release */ = {
			isa = XCBuildConfiguration;
			buildSettings = {
				ASSETCATALOG_COMPILER_APPICON_NAME = AppIcon;
				INFOPLIST_FILE = SegmentedBar/Info.plist;
				LD_RUNPATH_SEARCH_PATHS = "$(inherited) @executable_path/Frameworks";
				PRODUCT_BUNDLE_IDENTIFIER = com.gazapps.SegmentedBar;
				PRODUCT_NAME = "$(TARGET_NAME)";
			};
			name = Release;
		};
		081CB85E1D1F35F000D9FA1E /* Debug */ = {
			isa = XCBuildConfiguration;
			buildSettings = {
				BUNDLE_LOADER = "$(TEST_HOST)";
				INFOPLIST_FILE = SegmentedBarTests/Info.plist;
				LD_RUNPATH_SEARCH_PATHS = "$(inherited) @executable_path/Frameworks @loader_path/Frameworks";
				PRODUCT_BUNDLE_IDENTIFIER = com.gazapps.SegmentedBarTests;
				PRODUCT_NAME = "$(TARGET_NAME)";
				TEST_HOST = "$(BUILT_PRODUCTS_DIR)/SegmentedBar.app/SegmentedBar";
			};
			name = Debug;
		};
		081CB85F1D1F35F000D9FA1E /* Release */ = {
			isa = XCBuildConfiguration;
			buildSettings = {
				BUNDLE_LOADER = "$(TEST_HOST)";
				INFOPLIST_FILE = SegmentedBarTests/Info.plist;
				LD_RUNPATH_SEARCH_PATHS = "$(inherited) @executable_path/Frameworks @loader_path/Frameworks";
				PRODUCT_BUNDLE_IDENTIFIER = com.gazapps.SegmentedBarTests;
				PRODUCT_NAME = "$(TARGET_NAME)";
				TEST_HOST = "$(BUILT_PRODUCTS_DIR)/SegmentedBar.app/SegmentedBar";
			};
			name = Release;
		};
		081CB8611D1F35F000D9FA1E /* Debug */ = {
			isa = XCBuildConfiguration;
			buildSettings = {
				INFOPLIST_FILE = SegmentedBarUITests/Info.plist;
				LD_RUNPATH_SEARCH_PATHS = "$(inherited) @executable_path/Frameworks @loader_path/Frameworks";
				PRODUCT_BUNDLE_IDENTIFIER = com.gazapps.SegmentedBarUITests;
				PRODUCT_NAME = "$(TARGET_NAME)";
				TEST_TARGET_NAME = SegmentedBar;
			};
			name = Debug;
		};
		081CB8621D1F35F000D9FA1E /* Release */ = {
			isa = XCBuildConfiguration;
			buildSettings = {
				INFOPLIST_FILE = SegmentedBarUITests/Info.plist;
				LD_RUNPATH_SEARCH_PATHS = "$(inherited) @executable_path/Frameworks @loader_path/Frameworks";
				PRODUCT_BUNDLE_IDENTIFIER = com.gazapps.SegmentedBarUITests;
				PRODUCT_NAME = "$(TARGET_NAME)";
				TEST_TARGET_NAME = SegmentedBar;
			};
			name = Release;
		};
/* End XCBuildConfiguration section */

/* Begin XCConfigurationList section */
		081CB8321D1F35EF00D9FA1E /* Build configuration list for PBXProject "SegmentedBar" */ = {
			isa = XCConfigurationList;
			buildConfigurations = (
				081CB8581D1F35F000D9FA1E /* Debug */,
				081CB8591D1F35F000D9FA1E /* Release */,
			);
			defaultConfigurationIsVisible = 0;
			defaultConfigurationName = Release;
		};
		081CB85A1D1F35F000D9FA1E /* Build configuration list for PBXNativeTarget "SegmentedBar" */ = {
			isa = XCConfigurationList;
			buildConfigurations = (
				081CB85B1D1F35F000D9FA1E /* Debug */,
				081CB85C1D1F35F000D9FA1E /* Release */,
			);
			defaultConfigurationIsVisible = 0;
		};
		081CB85D1D1F35F000D9FA1E /* Build configuration list for PBXNativeTarget "SegmentedBarTests" */ = {
			isa = XCConfigurationList;
			buildConfigurations = (
				081CB85E1D1F35F000D9FA1E /* Debug */,
				081CB85F1D1F35F000D9FA1E /* Release */,
			);
			defaultConfigurationIsVisible = 0;
		};
		081CB8601D1F35F000D9FA1E /* Build configuration list for PBXNativeTarget "SegmentedBarUITests" */ = {
			isa = XCConfigurationList;
			buildConfigurations = (
				081CB8611D1F35F000D9FA1E /* Debug */,
				081CB8621D1F35F000D9FA1E /* Release */,
			);
			defaultConfigurationIsVisible = 0;
		};
/* End XCConfigurationList section */
	};
	rootObject = 081CB82F1D1F35EF00D9FA1E /* Project object */;
}
